<?xml version="1.0" encoding="utf-8"?>
<Project ToolsVersion="4.0" xmlns="http://schemas.microsoft.com/developer/msbuild/2003">
  <ItemGroup>
    <Filter Include="Include">
      <UniqueIdentifier>{eb13e21b-c6f3-4cf8-abfb-50b8ca55126e}</UniqueIdentifier>
    </Filter>
    <Filter Include="Source">
      <UniqueIdentifier>{c1dd0d38-9212-4888-b792-1d896a71c13b}</UniqueIdentifier>
    </Filter>
    <Filter Include="shader">
      <UniqueIdentifier>{c9ce5056-e614-41c6-8ab6-e466d45b4bb1}</UniqueIdentifier>
    </Filter>
  </ItemGroup>
  <ItemGroup>
    <ClCompile Include="Window.cpp">
      <Filter>Source</Filter>
    </ClCompile>
    <ClCompile Include="WindowApplicationManager.cpp">
      <Filter>Source</Filter>
    </ClCompile>
    <ClCompile Include="GraphicsManager.cpp">
      <Filter>Source</Filter>
    </ClCompile>
    <ClCompile Include="SwapChain.cpp">
      <Filter>Source</Filter>
    </ClCompile>
    <ClCompile Include="DeviceContext.cpp">
      <Filter>Source</Filter>
    </ClCompile>
    <ClCompile Include="VertexBuffer.cpp">
      <Filter>Source</Filter>
    </ClCompile>
    <ClCompile Include="main.cpp">
      <Filter>Source</Filter>
    </ClCompile>
    <ClCompile Include="VertexShader.cpp">
      <Filter>Source</Filter>
    </ClCompile>
    <ClCompile Include="PixelShader.cpp">
      <Filter>Source</Filter>
    </ClCompile>
  </ItemGroup>
  <ItemGroup>
    <ClInclude Include="Window.h">
      <Filter>Include</Filter>
    </ClInclude>
    <ClInclude Include="pch.h">
      <Filter>Include</Filter>
    </ClInclude>
    <ClInclude Include="WindowApplicationManager.h">
      <Filter>Include</Filter>
    </ClInclude>
    <ClInclude Include="GraphicsManager.h">
      <Filter>Include</Filter>
    </ClInclude>
    <ClInclude Include="SwapChain.h">
      <Filter>Include</Filter>
    </ClInclude>
    <ClInclude Include="DeviceContext.h">
      <Filter>Include</Filter>
    </ClInclude>
    <ClInclude Include="VertexBuffer.h">
      <Filter>Include</Filter>
    </ClInclude>
    <ClInclude Include="VertexShader.h">
      <Filter>Include</Filter>
    </ClInclude>
    <ClInclude Include="PixelShader.h">
      <Filter>Include</Filter>
    </ClInclude>
  </ItemGroup>
  <ItemGroup>
    <FxCompile Include="VertexShader.hlsl">
      <Filter>shader</Filter>
    </FxCompile>
    <FxCompile Include="PixelShader.hlsl">
      <Filter>shader</Filter>
    </FxCompile>
  </ItemGroup>
</Project>